// !$*UTF8*$!
{
	archiveVersion = 1;
	classes = {
	};
	objectVersion = 46;
	objects = {

/* Begin PBXBuildFile section */
		07389CD61CBA0EDE00AEC741 /* AppDelegate.swift in Sources */ = {isa = PBXBuildFile; fileRef = 07389CD51CBA0EDE00AEC741 /* AppDelegate.swift */; };
		07389CD81CBA0EE000AEC741 /* ViewController.swift in Sources */ = {isa = PBXBuildFile; fileRef = 07389CD71CBA0EE000AEC741 /* ViewController.swift */; };
		07389CDB1CBA0EE100AEC741 /* Main.storyboard in Resources */ = {isa = PBXBuildFile; fileRef = 07389CD91CBA0EE100AEC741 /* Main.storyboard */; };
		07389CDD1CBA0EE100AEC741 /* Assets.xcassets in Resources */ = {isa = PBXBuildFile; fileRef = 07389CDC1CBA0EE100AEC741 /* Assets.xcassets */; };
		07389CE01CBA0EE200AEC741 /* LaunchScreen.storyboard in Resources */ = {isa = PBXBuildFile; fileRef = 07389CDE1CBA0EE200AEC741 /* LaunchScreen.storyboard */; };
/* End PBXBuildFile section */

/* Begin PBXFileReference section */
		07389CD21CBA0EDB00AEC741 /* textChoice.app */ = {isa = PBXFileReference; explicitFileType = wrapper.application; includeInIndex = 0; path = textChoice.app; sourceTree = BUILT_PRODUCTS_DIR; };
		07389CD51CBA0EDE00AEC741 /* AppDelegate.swift */ = {isa = PBXFileReference; lastKnownFileType = sourcecode.swift; path = AppDelegate.swift; sourceTree = "<group>"; };
		07389CD71CBA0EE000AEC741 /* ViewController.swift */ = {isa = PBXFileReference; lastKnownFileType = sourcecode.swift; path = ViewController.swift; sourceTree = "<group>"; };
		07389CDA1CBA0EE100AEC741 /* Base */ = {isa = PBXFileReference; lastKnownFileType = file.storyboard; name = Base; path = Base.lproj/Main.storyboard; sourceTree = "<group>"; };
		07389CDC1CBA0EE100AEC741 /* Assets.xcassets */ = {isa = PBXFileReference; lastKnownFileType = folder.assetcatalog; path = Assets.xcassets; sourceTree = "<group>"; };
		07389CDF1CBA0EE200AEC741 /* Base */ = {isa = PBXFileReference; lastKnownFileType = file.storyboard; name = Base; path = Base.lproj/LaunchScreen.storyboard; sourceTree = "<group>"; };
		07389CE11CBA0EE200AEC741 /* Info.plist */ = {isa = PBXFileReference; lastKnownFileType = text.plist.xml; path = Info.plist; sourceTree = "<group>"; };
/* End PBXFileReference section */

/* Begin PBXFrameworksBuildPhase section */
		07389CCF1CBA0EDB00AEC741 /* Frameworks */ = {
			isa = PBXFrameworksBuildPhase;
			buildActionMask = 2147483647;
			files = (
			);
			runOnlyForDeploymentPostprocessing = 0;
		};
/* End PBXFrameworksBuildPhase section */

/* Begin PBXGroup section */
		07389CC91CBA0EDA00AEC741 = {
			isa = PBXGroup;
			children = (
				07389CD41CBA0EDD00AEC741 /* textChoice */,
				07389CD31CBA0EDB00AEC741 /* Products */,
			);
			sourceTree = "<group>";
		};
		07389CD31CBA0EDB00AEC741 /* Products */ = {
			isa = PBXGroup;
			children = (
				07389CD21CBA0EDB00AEC741 /* textChoice.app */,
			);
			name = Products;
			sourceTree = "<group>";
		};
		07389CD41CBA0EDD00AEC741 /* textChoice */ = {
			isa = PBXGroup;
			children = (
				07389CD51CBA0EDE00AEC741 /* AppDelegate.swift */,
				07389CD71CBA0EE000AEC741 /* ViewController.swift */,
				07389CD91CBA0EE100AEC741 /* Main.storyboard */,
				07389CDC1CBA0EE100AEC741 /* Assets.xcassets */,
				07389CDE1CBA0EE200AEC741 /* LaunchScreen.storyboard */,
				07389CE11CBA0EE200AEC741 /* Info.plist */,
			);
			path = textChoice;
			sourceTree = "<group>";
		};
/* End PBXGroup section */

/* Begin PBXNativeTarget section */
		07389CD11CBA0EDB00AEC741 /* textChoice */ = {
			isa = PBXNativeTarget;
			buildConfigurationList = 07389CE41CBA0EE200AEC741 /* Build configuration list for PBXNativeTarget "textChoice" */;
			buildPhases = (
				07389CCE1CBA0EDB00AEC741 /* Sources */,
				07389CCF1CBA0EDB00AEC741 /* Frameworks */,
				07389CD01CBA0EDB00AEC741 /* Resources */,
			);
			buildRules = (
			);
			dependencies = (
			);
			name = textChoice;
			productName = textChoice;
			productReference = 07389CD21CBA0EDB00AEC741 /* textChoice.app */;
			productType = "com.apple.product-type.application";
		};
/* End PBXNativeTarget section */

/* Begin PBXProject section */
		07389CCA1CBA0EDA00AEC741 /* Project object */ = {
			isa = PBXProject;
			attributes = {
				LastSwiftUpdateCheck = 0730;
				LastUpgradeCheck = 0730;
				ORGANIZATIONNAME = Sgtmt;
				TargetAttributes = {
					07389CD11CBA0EDB00AEC741 = {
						CreatedOnToolsVersion = 7.3;
					};
				};
			};
			buildConfigurationList = 07389CCD1CBA0EDA00AEC741 /* Build configuration list for PBXProject "textChoice" */;
			compatibilityVersion = "Xcode 3.2";
			developmentRegion = English;
			hasScannedForEncodings = 0;
			knownRegions = (
				en,
				Base,
			);
			mainGroup = 07389CC91CBA0EDA00AEC741;
			productRefGroup = 07389CD31CBA0EDB00AEC741 /* Products */;
			projectDirPath = "";
			projectRoot = "";
			targets = (
				07389CD11CBA0EDB00AEC741 /* textChoice */,
			);
		};
/* End PBXProject section */

/* Begin PBXResourcesBuildPhase section */
		07389CD01CBA0EDB00AEC741 /* Resources */ = {
			isa = PBXResourcesBuildPhase;
			buildActionMask = 2147483647;
			files = (
				07389CE01CBA0EE200AEC741 /* LaunchScreen.storyboard in Resources */,
				07389CDD1CBA0EE100AEC741 /* Assets.xcassets in Resources */,
				07389CDB1CBA0EE100AEC741 /* Main.storyboard in Resources */,
			);
			runOnlyForDeploymentPostprocessing = 0;
		};
/* End PBXResourcesBuildPhase section */

/* Begin PBXSourcesBuildPhase section */
		07389CCE1CBA0EDB00AEC741 /* Sources */ = {
			isa = PBXSourcesBuildPhase;
			buildActionMask = 2147483647;
			files = (
				07389CD81CBA0EE000AEC741 /* ViewController.swift in Sources */,
				07389CD61CBA0EDE00AEC741 /* AppDelegate.swift in Sources */,
			);
			runOnlyForDeploymentPostprocessing = 0;
		};
/* End PBXSourcesBuildPhase section */

/* Begin PBXVariantGroup section */
		07389CD91CBA0EE100AEC741 /* Main.storyboard */ = {
			isa = PBXVariantGroup;
			children = (
				07389CDA1CBA0EE100AEC741 /* Base */,
			);
			name = Main.storyboard;
			sourceTree = "<group>";
		};
		07389CDE1CBA0EE200AEC741 /* LaunchScreen.storyboard */ = {
			isa = PBXVariantGroup;
			children = (
				07389CDF1CBA0EE200AEC741 /* Base */,
			);
			name = LaunchScreen.storyboard;
			sourceTree = "<group>";
		};
/* End PBXVariantGroup section */

/* Begin XCBuildConfiguration section */
		07389CE21CBA0EE200AEC741 /* Debug */ = {
			isa = XCBuildConfiguration;
			buildSettings = {
				ALWAYS_SEARCH_USER_PATHS = NO;
				CLANG_ANALYZER_NONNULL = YES;
				CLANG_CXX_LANGUAGE_STANDARD = "gnu++0x";
				CLANG_CXX_LIBRARY = "libc++";
				CLANG_ENABLE_MODULES = YES;
				CLANG_ENABLE_OBJC_ARC = YES;
				CLANG_WARN_BOOL_CONVERSION = YES;
				CLANG_WARN_CONSTANT_CONVERSION = YES;
				CLANG_WARN_DIRECT_OBJC_ISA_USAGE = YES_ERROR;
				CLANG_WARN_EMPTY_BODY = YES;
				CLANG_WARN_ENUM_CONVERSION = YES;
				CLANG_WARN_INT_CONVERSION = YES;
				CLANG_WARN_OBJC_ROOT_CLASS = YES_ERROR;
				CLANG_WARN_UNREACHABLE_CODE = YES;
				CLANG_WARN__DUPLICATE_METHOD_MATCH = YES;
				"CODE_SIGN_IDENTITY[sdk=iphoneos*]" = "iPhone Developer";
				COPY_PHASE_STRIP = NO;
				DEBUG_INFORMATION_FORMAT = dwarf;
				ENABLE_STRICT_OBJC_MSGSEND = YES;
				ENABLE_TESTABILITY = YES;
				GCC_C_LANGUAGE_STANDARD = gnu99;
				GCC_DYNAMIC_NO_PIC = NO;
				GCC_NO_COMMON_BLOCKS = YES;
				GCC_OPTIMIZATION_LEVEL = 0;
				GCC_PREPROCESSOR_DEFINITIONS = (
					"DEBUG=1",
					"$(inherited)",
				);
				GCC_WARN_64_TO_32_BIT_CONVERSION = YES;
				GCC_WARN_ABOUT_RETURN_TYPE = YES_ERROR;
				GCC_WARN_UNDECLARED_SELECTOR = YES;
				GCC_WARN_UNINITIALIZED_AUTOS = YES_AGGRESSIVE;
				GCC_WARN_UNUSED_FUNCTION = YES;
				GCC_WARN_UNUSED_VARIABLE = YES;
				IPHONEOS_DEPLOYMENT_TARGET = 9.3;
				MTL_ENABLE_DEBUG_INFO = YES;
				ONLY_ACTIVE_ARCH = YES;
				SDKROOT = iphoneos;
				SWIFT_OPTIMIZATION_LEVEL = "-Onone";
			};
			name = Debug;
		};
		07389CE31CBA0EE200AEC741 /* Release */ = {
			isa = XCBuildConfiguration;
			buildSettings = {
				ALWAYS_SEARCH_USER_PATHS = NO;
				CLANG_ANALYZER_NONNULL = YES;
				CLANG_CXX_LANGUAGE_STANDARD = "gnu++0x";
				CLANG_CXX_LIBRARY = "libc++";
				CLANG_ENABLE_MODULES = YES;
				CLANG_ENABLE_OBJC_ARC = YES;
				CLANG_WARN_BOOL_CONVERSION = YES;
				CLANG_WARN_CONSTANT_CONVERSION = YES;
				CLANG_WARN_DIRECT_OBJC_ISA_USAGE = YES_ERROR;
				CLANG_WARN_EMPTY_BODY = YES;
				CLANG_WARN_ENUM_CONVERSION = YES;
				CLANG_WARN_INT_CONVERSION = YES;
				CLANG_WARN_OBJC_ROOT_CLASS = YES_ERROR;
				CLANG_WARN_UNREACHABLE_CODE = YES;
				CLANG_WARN__DUPLICATE_METHOD_MATCH = YES;
				"CODE_SIGN_IDENTITY[sdk=iphoneos*]" = "iPhone Developer";
				COPY_PHASE_STRIP = NO;
				DEBUG_INFORMATION_FORMAT = "dwarf-with-dsym";
				ENABLE_NS_ASSERTIONS = NO;
				ENABLE_STRICT_OBJC_MSGSEND = YES;
				GCC_C_LANGUAGE_STANDARD = gnu99;
				GCC_NO_COMMON_BLOCKS = YES;
				GCC_WARN_64_TO_32_BIT_CONVERSION = YES;
				GCC_WARN_ABOUT_RETURN_TYPE = YES_ERROR;
				GCC_WARN_UNDECLARED_SELECTOR = YES;
				GCC_WARN_UNINITIALIZED_AUTOS = YES_AGGRESSIVE;
				GCC_WARN_UNUSED_FUNCTION = YES;
				GCC_WARN_UNUSED_VARIABLE = YES;
				IPHONEOS_DEPLOYMENT_TARGET = 9.3;
				MTL_ENABLE_DEBUG_INFO = NO;
				SDKROOT = iphoneos;
				VALIDATE_PRODUCT = YES;
			};
			name = Release;
		};
		07389CE51CBA0EE200AEC741 /* Debug */ = {
			isa = XCBuildConfiguration;
			buildSettings = {
				ASSETCATALOG_COMPILER_APPICON_NAME = AppIcon;
				INFOPLIST_FILE = textChoice/Info.plist;
				LD_RUNPATH_SEARCH_PATHS = "$(inherited) @executable_path/Frameworks";
				PRODUCT_BUNDLE_IDENTIFIER = com.sgtmt.jp.textChoice;
				PRODUCT_NAME = "$(TARGET_NAME)";
			};
			name = Debug;
		};
		07389CE61CBA0EE200AEC741 /* Release */ = {
			isa = XCBuildConfiguration;
			buildSettings = {
				ASSETCATALOG_COMPILER_APPICON_NAME = AppIcon;
				INFOPLIST_FILE = textChoice/Info.plist;
				LD_RUNPATH_SEARCH_PATHS = "$(inherited) @executable_path/Frameworks";
				PRODUCT_BUNDLE_IDENTIFIER = com.sgtmt.jp.textChoice;
				PRODUCT_NAME = "$(TARGET_NAME)";
			};
			name = Release;
		};
/* End XCBuildConfiguration section */

/* Begin XCConfigurationList section */
		07389CCD1CBA0EDA00AEC741 /* Build configuration list for PBXProject "textChoice" */ = {
			isa = XCConfigurationList;
			buildConfigurations = (
				07389CE21CBA0EE200AEC741 /* Debug */,
				07389CE31CBA0EE200AEC741 /* Release */,
			);
			defaultConfigurationIsVisible = 0;
			defaultConfigurationName = Release;
		};
		07389CE41CBA0EE200AEC741 /* Build configuration list for PBXNativeTarget "textChoice" */ = {
			isa = XCConfigurationList;
			buildConfigurations = (
				07389CE51CBA0EE200AEC741 /* Debug */,
				07389CE61CBA0EE200AEC741 /* Release */,
			);
			defaultConfigurationIsVisible = 0;
		};
/* End XCConfigurationList section */
	};
	rootObject = 07389CCA1CBA0EDA00AEC741 /* Project object */;
}
